<?xml version="1.0" encoding="utf-8"?>
<Project ToolsVersion="4.0" xmlns="http://schemas.microsoft.com/developer/msbuild/2003">
  <ItemGroup>
    <Filter Include="Include">
      <UniqueIdentifier>{72746822-3c5d-4c4e-bd3d-052f7bf446a3}</UniqueIdentifier>
    </Filter>
    <Filter Include="Include\HLEDataBase %28h%29">
      <UniqueIdentifier>{770f37f3-fcc3-4aa7-8359-4fed59143ca2}</UniqueIdentifier>
    </Filter>
    <Filter Include="Include\EmuD3D8 %28h%29">
      <UniqueIdentifier>{c702e6e0-a0ad-4a07-a318-a58f5c57bf20}</UniqueIdentifier>
    </Filter>
    <Filter Include="Resource">
      <UniqueIdentifier>{7bd9c522-5e99-4532-b93a-0506c5c06d0a}</UniqueIdentifier>
    </Filter>
    <Filter Include="Source">
      <UniqueIdentifier>{f2f9749b-150c-4d4a-97f1-6ed0fdf23f17}</UniqueIdentifier>
    </Filter>
    <Filter Include="Source\HLEDataBase %28inl%29">
      <UniqueIdentifier>{7fcc6704-f063-4dd7-a7be-9868e39f5549}</UniqueIdentifier>
    </Filter>
    <Filter Include="Source\EmuD3D8 %28cpp%29">
      <UniqueIdentifier>{c0149d82-1521-4e93-8153-5527e94bccfa}</UniqueIdentifier>
    </Filter>
  </ItemGroup>
  <ItemGroup>
    <ClInclude Include="..\Source\CxbxKrnl\HLEDataBase\D3D8.1.0.3925.h">
      <Filter>Include\HLEDataBase %28h%29</Filter>
    </ClInclude>
    <ClInclude Include="..\Source\CxbxKrnl\HLEDataBase\D3D8.1.0.4034.h">
      <Filter>Include\HLEDataBase %28h%29</Filter>
    </ClInclude>
    <ClInclude Include="..\Source\CxbxKrnl\HLEDataBase\D3D8.1.0.4134.h">
      <Filter>Include\HLEDataBase %28h%29</Filter>
    </ClInclude>
    <ClInclude Include="..\Source\CxbxKrnl\HLEDataBase\D3D8.1.0.4361.h">
      <Filter>Include\HLEDataBase %28h%29</Filter>
    </ClInclude>
    <ClInclude Include="..\Source\CxbxKrnl\HLEDataBase\D3D8.1.0.4432.h">
      <Filter>Include\HLEDataBase %28h%29</Filter>
    </ClInclude>
    <ClInclude Include="..\Source\CxbxKrnl\HLEDataBase\D3D8.1.0.4627.h">
      <Filter>Include\HLEDataBase %28h%29</Filter>
    </ClInclude>
    <ClInclude Include="..\Source\CxbxKrnl\HLEDataBase\D3D8.1.0.5558.h">
      <Filter>Include\HLEDataBase %28h%29</Filter>
    </ClInclude>
    <ClInclude Include="..\Source\CxbxKrnl\HLEDataBase\D3D8.1.0.5849.h">
      <Filter>Include\HLEDataBase %28h%29</Filter>
    </ClInclude>
    <ClInclude Include="..\Source\CxbxKrnl\HLEDataBase\DSound.1.0.3936.h">
      <Filter>Include\HLEDataBase %28h%29</Filter>
    </ClInclude>
    <ClInclude Include="..\Source\CxbxKrnl\HLEDataBase\DSound.1.0.4361.h">
      <Filter>Include\HLEDataBase %28h%29</Filter>
    </ClInclude>
    <ClInclude Include="..\Source\CxbxKrnl\HLEDataBase\DSound.1.0.4432.h">
      <Filter>Include\HLEDataBase %28h%29</Filter>
    </ClInclude>
    <ClInclude Include="..\Source\CxbxKrnl\HLEDataBase\DSound.1.0.4627.h">
      <Filter>Include\HLEDataBase %28h%29</Filter>
    </ClInclude>
    <ClInclude Include="..\Source\CxbxKrnl\HLEDataBase\DSound.1.0.5849.h">
      <Filter>Include\HLEDataBase %28h%29</Filter>
    </ClInclude>
    <ClInclude Include="..\Source\CxbxKrnl\EmuD3D8\Convert.h">
      <Filter>Include\EmuD3D8 %28h%29</Filter>
    </ClInclude>
    <ClInclude Include="..\Source\CxbxKrnl\EmuD3D8\PushBuffer.h">
      <Filter>Include\EmuD3D8 %28h%29</Filter>
    </ClInclude>
    <ClInclude Include="..\Source\CxbxKrnl\EmuD3D8\State.h">
      <Filter>Include\EmuD3D8 %28h%29</Filter>
    </ClInclude>
    <ClInclude Include="..\Source\CxbxKrnl\EmuD3D8\VertexBuffer.h">
      <Filter>Include\EmuD3D8 %28h%29</Filter>
    </ClInclude>
    <ClInclude Include="..\Source\CxbxKrnl\EmuD3D8\VertexShader.h">
      <Filter>Include\EmuD3D8 %28h%29</Filter>
    </ClInclude>
    <ClInclude Include="..\Source\CxbxKrnl\HLEDataBase\Xapi.1.0.3911.h">
      <Filter>Include\HLEDataBase %28h%29</Filter>
    </ClInclude>
    <ClInclude Include="..\Source\CxbxKrnl\HLEDataBase\Xapi.1.0.4034.h">
      <Filter>Include\HLEDataBase %28h%29</Filter>
    </ClInclude>
    <ClInclude Include="..\Source\CxbxKrnl\HLEDataBase\Xapi.1.0.4134.h">
      <Filter>Include\HLEDataBase %28h%29</Filter>
    </ClInclude>
    <ClInclude Include="..\Source\CxbxKrnl\HLEDataBase\Xapi.1.0.4361.h">
      <Filter>Include\HLEDataBase %28h%29</Filter>
    </ClInclude>
    <ClInclude Include="..\Source\CxbxKrnl\HLEDataBase\Xapi.1.0.4432.h">
      <Filter>Include\HLEDataBase %28h%29</Filter>
    </ClInclude>
    <ClInclude Include="..\Source\CxbxKrnl\HLEDataBase\Xapi.1.0.4627.h">
      <Filter>Include\HLEDataBase %28h%29</Filter>
    </ClInclude>
    <ClInclude Include="..\Source\CxbxKrnl\HLEDataBase\Xapi.1.0.5558.h">
      <Filter>Include\HLEDataBase %28h%29</Filter>
    </ClInclude>
    <ClInclude Include="..\Source\CxbxKrnl\HLEDataBase\Xapi.1.0.5849.h">
      <Filter>Include\HLEDataBase %28h%29</Filter>
    </ClInclude>
    <ClInclude Include="..\Source\CxbxKrnl\HLEDataBase\XG.1.0.4361.h">
      <Filter>Include\HLEDataBase %28h%29</Filter>
    </ClInclude>
    <ClInclude Include="..\Source\CxbxKrnl\HLEDataBase\XG.1.0.4627.h">
      <Filter>Include\HLEDataBase %28h%29</Filter>
    </ClInclude>
    <ClInclude Include="..\Source\CxbxKrnl\HLEDataBase\XNet.1.0.3911.h">
      <Filter>Include\HLEDataBase %28h%29</Filter>
    </ClInclude>
    <ClInclude Include="..\Source\CxbxKrnl\HLEDataBase\XOnline.1.0.4361.h">
      <Filter>Include\HLEDataBase %28h%29</Filter>
    </ClInclude>
    <ClInclude Include="..\Source\Common\Win32\AlignPosfix1.h">
      <Filter>Include</Filter>
    </ClInclude>
    <ClInclude Include="..\Source\Common\Win32\AlignPrefix1.h">
      <Filter>Include</Filter>
    </ClInclude>
    <ClInclude Include="..\Source\Cxbx.h">
      <Filter>Include</Filter>
    </ClInclude>
    <ClInclude Include="..\Source\CxbxKrnl\CxbxKrnl.h">
      <Filter>Include</Filter>
    </ClInclude>
    <ClInclude Include="..\Source\CxbxKrnl\DbgConsole.h">
      <Filter>Include</Filter>
    </ClInclude>
    <ClInclude Include="..\Source\CxbxKrnl\Emu.h">
      <Filter>Include</Filter>
    </ClInclude>
    <ClInclude Include="..\Source\CxbxKrnl\EmuAlloc.h">
      <Filter>Include</Filter>
    </ClInclude>
    <ClInclude Include="..\Source\CxbxKrnl\EmuD3D8.h">
      <Filter>Include</Filter>
    </ClInclude>
    <ClInclude Include="..\Source\CxbxKrnl\EmuD3D8Types.h">
      <Filter>Include</Filter>
    </ClInclude>
    <ClInclude Include="..\Source\CxbxKrnl\EmuDInput.h">
      <Filter>Include</Filter>
    </ClInclude>
    <ClInclude Include="..\Source\Common\Win32\XBController.h">
      <Filter>Include</Filter>
    </ClInclude>
    <ClInclude Include="..\Source\CxbxKrnl\ResourceTracker.h">
      <Filter>Include</Filter>
    </ClInclude>
    <ClInclude Include="..\Source\CxbxKrnl\OOVPA.h">
      <Filter>Include</Filter>
    </ClInclude>
    <ClInclude Include="..\Source\Common\Win32\Mutex.h">
      <Filter>Include</Filter>
    </ClInclude>
    <ClInclude Include="..\Source\CxbxKrnl\HLEIntercept.h">
      <Filter>Include</Filter>
    </ClInclude>
    <ClInclude Include="..\Source\CxbxKrnl\HLEDataBase.h">
      <Filter>Include</Filter>
    </ClInclude>
    <ClInclude Include="..\Source\Common\Exe.h">
      <Filter>Include</Filter>
    </ClInclude>
    <ClInclude Include="..\Source\Common\Error.h">
      <Filter>Include</Filter>
    </ClInclude>
    <ClInclude Include="..\Source\CxbxKrnl\EmuXTL.h">
      <Filter>Include</Filter>
    </ClInclude>
    <ClInclude Include="..\Source\CxbxKrnl\EmuXOnline.h">
      <Filter>Include</Filter>
    </ClInclude>
    <ClInclude Include="..\Source\CxbxKrnl\EmuXG.h">
      <Filter>Include</Filter>
    </ClInclude>
    <ClInclude Include="..\Source\CxbxKrnl\EmuXapi.h">
      <Filter>Include</Filter>
    </ClInclude>
    <ClInclude Include="..\Source\CxbxKrnl\EmuShared.h">
      <Filter>Include</Filter>
    </ClInclude>
    <ClInclude Include="..\Source\CxbxKrnl\EmuNtDll.h">
      <Filter>Include</Filter>
    </ClInclude>
    <ClInclude Include="..\Source\CxbxKrnl\EmuLDT.h">
      <Filter>Include</Filter>
    </ClInclude>
    <ClInclude Include="..\Source\CxbxKrnl\EmuFS.h">
      <Filter>Include</Filter>
    </ClInclude>
    <ClInclude Include="..\Source\CxbxKrnl\EmuFile.h">
      <Filter>Include</Filter>
    </ClInclude>
    <ClInclude Include="..\Source\CxbxKrnl\EmuDSound.h">
      <Filter>Include</Filter>
    </ClInclude>
    <ClInclude Include="..\Source\Common\Win32\XBVideo.h">
      <Filter>Include</Filter>
    </ClInclude>
    <ClInclude Include="..\Source\Common\Xbe.h">
      <Filter>Include</Filter>
    </ClInclude>
  </ItemGroup>
  <ItemGroup>
    <ClCompile Include="..\Source\CxbxKrnl\EmuD3D8\Convert.cpp">
      <Filter>Source\EmuD3D8 %28cpp%29</Filter>
    </ClCompile>
    <ClCompile Include="..\Source\CxbxKrnl\EmuD3D8\PushBuffer.cpp">
      <Filter>Source\EmuD3D8 %28cpp%29</Filter>
    </ClCompile>
    <ClCompile Include="..\Source\CxbxKrnl\EmuD3D8\State.cpp">
      <Filter>Source\EmuD3D8 %28cpp%29</Filter>
    </ClCompile>
    <ClCompile Include="..\Source\CxbxKrnl\EmuD3D8\VertexBuffer.cpp">
      <Filter>Source\EmuD3D8 %28cpp%29</Filter>
    </ClCompile>
    <ClCompile Include="..\Source\CxbxKrnl\EmuD3D8\VertexShader.cpp">
      <Filter>Source\EmuD3D8 %28cpp%29</Filter>
    </ClCompile>
    <ClCompile Include="..\Source\CxbxKrnl\CxbxKrnl.cpp">
      <Filter>Source</Filter>
    </ClCompile>
    <ClCompile Include="..\Source\CxbxKrnl\DbgConsole.cpp">
      <Filter>Source</Filter>
    </ClCompile>
    <ClCompile Include="..\Source\CxbxKrnl\Emu.cpp">
      <Filter>Source</Filter>
    </ClCompile>
    <ClCompile Include="..\Source\CxbxKrnl\EmuAlloc.cpp">
      <Filter>Source</Filter>
    </ClCompile>
    <ClCompile Include="..\Source\CxbxKrnl\EmuD3D8.cpp">
      <Filter>Source</Filter>
    </ClCompile>
    <ClCompile Include="..\Source\CxbxKrnl\EmuDInput.cpp">
      <Filter>Source</Filter>
    </ClCompile>
    <ClCompile Include="..\Source\CxbxKrnl\EmuDSound.cpp">
      <Filter>Source</Filter>
    </ClCompile>
    <ClCompile Include="..\Source\CxbxKrnl\EmuFile.cpp">
      <Filter>Source</Filter>
    </ClCompile>
    <ClCompile Include="..\Source\CxbxKrnl\EmuFS.cpp">
      <Filter>Source</Filter>
    </ClCompile>
    <ClCompile Include="..\Source\CxbxKrnl\EmuKrnl.cpp">
      <Filter>Source</Filter>
    </ClCompile>
    <ClCompile Include="..\Source\CxbxKrnl\EmuLDT.cpp">
      <Filter>Source</Filter>
    </ClCompile>
    <ClCompile Include="..\Source\CxbxKrnl\EmuNtDll.cpp">
      <Filter>Source</Filter>
    </ClCompile>
    <ClCompile Include="..\Source\Common\Win32\EmuShared.cpp">
      <Filter>Source</Filter>
    </ClCompile>
    <ClCompile Include="..\Source\CxbxKrnl\EmuXapi.cpp">
      <Filter>Source</Filter>
    </ClCompile>
    <ClCompile Include="..\Source\CxbxKrnl\EmuXG.cpp">
      <Filter>Source</Filter>
    </ClCompile>
    <ClCompile Include="..\Source\CxbxKrnl\EmuXOnline.cpp">
      <Filter>Source</Filter>
    </ClCompile>
    <ClCompile Include="..\Source\Common\Error.cpp">
      <Filter>Source</Filter>
    </ClCompile>
    <ClCompile Include="..\Source\CxbxKrnl\HLEDataBase.cpp">
      <Filter>Source</Filter>
    </ClCompile>
    <ClCompile Include="..\Source\CxbxKrnl\HLEIntercept.cpp">
      <Filter>Source</Filter>
    </ClCompile>
    <ClCompile Include="..\Source\CxbxKrnl\KernelThunk.cpp">
      <Filter>Source</Filter>
    </ClCompile>
    <ClCompile Include="..\Source\Common\Win32\Mutex.cpp">
      <Filter>Source</Filter>
    </ClCompile>
    <ClCompile Include="..\Source\Common\OpenXDK.cpp">
      <Filter>Source</Filter>
    </ClCompile>
    <ClCompile Include="..\Source\CxbxKrnl\ResourceTracker.cpp">
      <Filter>Source</Filter>
    </ClCompile>
    <ClCompile Include="..\Source\Common\Win32\XBController.cpp">
      <Filter>Source</Filter>
    </ClCompile>
    <ClCompile Include="..\Source\Common\Xbe.cpp">
      <Filter>Source</Filter>
    </ClCompile>
    <ClCompile Include="..\Source\Common\Win32\XBVideo.cpp">
      <Filter>Source</Filter>
    </ClCompile>
  </ItemGroup>
  <ItemGroup>
    <CustomBuild Include="..\Source\CxbxKrnl\HLEDataBase\D3D8.1.0.5849.inl">
      <Filter>Source\HLEDataBase %28inl%29</Filter>
    </CustomBuild>
    <CustomBuild Include="..\Source\CxbxKrnl\HLEDataBase\D3D8.1.0.5558.inl">
      <Filter>Source\HLEDataBase %28inl%29</Filter>
    </CustomBuild>
    <CustomBuild Include="..\Source\CxbxKrnl\HLEDataBase\D3D8.1.0.4627.inl">
      <Filter>Source\HLEDataBase %28inl%29</Filter>
    </CustomBuild>
    <CustomBuild Include="..\Source\CxbxKrnl\HLEDataBase\D3D8.1.0.4432.inl">
      <Filter>Source\HLEDataBase %28inl%29</Filter>
    </CustomBuild>
    <CustomBuild Include="..\Source\CxbxKrnl\HLEDataBase\D3D8.1.0.4361.inl">
      <Filter>Source\HLEDataBase %28inl%29</Filter>
    </CustomBuild>
    <CustomBuild Include="..\Source\CxbxKrnl\HLEDataBase\D3D8.1.0.4134.inl">
      <Filter>Source\HLEDataBase %28inl%29</Filter>
    </CustomBuild>
    <CustomBuild Include="..\Source\CxbxKrnl\HLEDataBase\D3D8.1.0.4034.inl">
      <Filter>Source\HLEDataBase %28inl%29</Filter>
    </CustomBuild>
    <CustomBuild Include="..\Source\CxbxKrnl\HLEDataBase\D3D8.1.0.3925.inl">
      <Filter>Source\HLEDataBase %28inl%29</Filter>
    </CustomBuild>
    <CustomBuild Include="..\Source\CxbxKrnl\HLEDataBase\DSound.1.0.3936.inl">
      <Filter>Source\HLEDataBase %28inl%29</Filter>
    </CustomBuild>
    <CustomBuild Include="..\Source\CxbxKrnl\HLEDataBase\DSound.1.0.4361.inl">
      <Filter>Source\HLEDataBase %28inl%29</Filter>
    </CustomBuild>
    <CustomBuild Include="..\Source\CxbxKrnl\HLEDataBase\DSound.1.0.4432.inl">
      <Filter>Source\HLEDataBase %28inl%29</Filter>
    </CustomBuild>
    <CustomBuild Include="..\Source\CxbxKrnl\HLEDataBase\DSound.1.0.4627.inl">
      <Filter>Source\HLEDataBase %28inl%29</Filter>
    </CustomBuild>
    <CustomBuild Include="..\Source\CxbxKrnl\HLEDataBase\DSound.1.0.5558.inl">
      <Filter>Source\HLEDataBase %28inl%29</Filter>
    </CustomBuild>
    <CustomBuild Include="..\Source\CxbxKrnl\HLEDataBase\DSound.1.0.5849.inl">
      <Filter>Source\HLEDataBase %28inl%29</Filter>
    </CustomBuild>
    <CustomBuild Include="..\Source\CxbxKrnl\HLEDataBase\Xapi.1.0.3911.inl">
      <Filter>Source\HLEDataBase %28inl%29</Filter>
    </CustomBuild>
    <CustomBuild Include="..\Source\CxbxKrnl\HLEDataBase\Xapi.1.0.4034.inl">
      <Filter>Source\HLEDataBase %28inl%29</Filter>
    </CustomBuild>
    <CustomBuild Include="..\Source\CxbxKrnl\HLEDataBase\Xapi.1.0.4134.inl">
      <Filter>Source\HLEDataBase %28inl%29</Filter>
    </CustomBuild>
    <CustomBuild Include="..\Source\CxbxKrnl\HLEDataBase\Xapi.1.0.4361.inl">
      <Filter>Source\HLEDataBase %28inl%29</Filter>
    </CustomBuild>
    <CustomBuild Include="..\Source\CxbxKrnl\HLEDataBase\Xapi.1.0.4432.inl">
      <Filter>Source\HLEDataBase %28inl%29</Filter>
    </CustomBuild>
    <CustomBuild Include="..\Source\CxbxKrnl\HLEDataBase\Xapi.1.0.4627.inl">
      <Filter>Source\HLEDataBase %28inl%29</Filter>
    </CustomBuild>
    <CustomBuild Include="..\Source\CxbxKrnl\HLEDataBase\Xapi.1.0.5558.inl">
      <Filter>Source\HLEDataBase %28inl%29</Filter>
    </CustomBuild>
    <CustomBuild Include="..\Source\CxbxKrnl\HLEDataBase\Xapi.1.0.5849.inl">
      <Filter>Source\HLEDataBase %28inl%29</Filter>
    </CustomBuild>
    <CustomBuild Include="..\Source\CxbxKrnl\HLEDataBase\XG.1.0.4361.inl">
      <Filter>Source\HLEDataBase %28inl%29</Filter>
    </CustomBuild>
    <CustomBuild Include="..\Source\CxbxKrnl\HLEDataBase\XG.1.0.4627.inl">
      <Filter>Source\HLEDataBase %28inl%29</Filter>
    </CustomBuild>
    <CustomBuild Include="..\Source\CxbxKrnl\HLEDataBase\XNet.1.0.3911.inl">
      <Filter>Source\HLEDataBase %28inl%29</Filter>
    </CustomBuild>
    <CustomBuild Include="..\Source\CxbxKrnl\HLEDataBase\XOnline.1.0.4361.inl">
      <Filter>Source\HLEDataBase %28inl%29</Filter>
    </CustomBuild>
  </ItemGroup>
  <ItemGroup>
    <Image Include="..\Resource\Cxbx.ico">
      <Filter>Resource</Filter>
    </Image>
  </ItemGroup>
  <ItemGroup>
    <ResourceCompile Include="..\Resource\CxbxDll.rc">
      <Filter>Resource</Filter>
    </ResourceCompile>
  </ItemGroup>
</Project>