<?xml version="1.0" encoding="utf-8"?>
<Project ToolsVersion="4.0" xmlns="http://schemas.microsoft.com/developer/msbuild/2003">
  <ItemGroup>
    <Filter Include="Include">
      <UniqueIdentifier>{912130cf-36f2-4ce7-9e14-e674917e2c66}</UniqueIdentifier>
    </Filter>
    <Filter Include="Source">
      <UniqueIdentifier>{123aed93-0b15-4874-8aef-0c20ee96f239}</UniqueIdentifier>
    </Filter>
  </ItemGroup>
  <ItemGroup>
    <ClInclude Include="Source\Common\Win32\AlignPosfix1.h">
      <Filter>Include</Filter>
    </ClInclude>
    <ClInclude Include="Source\Common\Win32\AlignPrefix1.h">
      <Filter>Include</Filter>
    </ClInclude>
    <ClInclude Include="Source\Cxbx.h">
      <Filter>Include</Filter>
    </ClInclude>
    <ClInclude Include="Source\Common\Error.h">
      <Filter>Include</Filter>
    </ClInclude>
    <ClInclude Include="Source\Common\Exe.h">
      <Filter>Include</Filter>
    </ClInclude>
    <ClInclude Include="Source\Common\Xbe.h">
      <Filter>Include</Filter>
    </ClInclude>
  </ItemGroup>
  <ItemGroup>
    <ClCompile Include="Source\Common\Error.cpp">
      <Filter>Source</Filter>
    </ClCompile>
    <ClCompile Include="Source\Common\Exe.cpp">
      <Filter>Source</Filter>
    </ClCompile>
    <ClCompile Include="Source\Cxbe\Main.cpp">
      <Filter>Source</Filter>
    </ClCompile>
    <ClCompile Include="Source\Common\OpenXDK.cpp">
      <Filter>Source</Filter>
    </ClCompile>
    <ClCompile Include="Source\Common\Xbe.cpp">
      <Filter>Source</Filter>
    </ClCompile>
  </ItemGroup>
</Project>