<?xml version="1.0" encoding="utf-8"?>
<Project ToolsVersion="4.0" xmlns="http://schemas.microsoft.com/developer/msbuild/2003">
  <ItemGroup>
    <Filter Include="Include">
      <UniqueIdentifier>{471d6a48-8479-430f-a74d-a65e0c5513d0}</UniqueIdentifier>
    </Filter>
    <Filter Include="Include\jpegdec %28h%29">
      <UniqueIdentifier>{a0355a81-cdd6-4f2b-ba71-826c73cbfb8f}</UniqueIdentifier>
    </Filter>
    <Filter Include="Resource">
      <UniqueIdentifier>{5f7a9f87-f7af-4e54-851c-2cd808e06185}</UniqueIdentifier>
    </Filter>
    <Filter Include="Source">
      <UniqueIdentifier>{dfd7d410-9cc6-4e8a-b964-17fca14adf98}</UniqueIdentifier>
    </Filter>
    <Filter Include="Source\jpegdec %28cpp%29">
      <UniqueIdentifier>{7d09ef92-408f-4d22-a80b-f7233155f7dd}</UniqueIdentifier>
    </Filter>
  </ItemGroup>
  <ItemGroup>
    <ClInclude Include="Source\Common\Win32\AlignPosfix1.h">
      <Filter>Include</Filter>
    </ClInclude>
    <ClInclude Include="Source\Common\Win32\AlignPrefix1.h">
      <Filter>Include</Filter>
    </ClInclude>
    <ClInclude Include="Source\CxbxKrnl\EmuD3D8\Convert.h">
      <Filter>Include</Filter>
    </ClInclude>
    <ClInclude Include="Source\Cxbx.h">
      <Filter>Include</Filter>
    </ClInclude>
    <ClInclude Include="Source\CxbxKrnl\CxbxKrnl.h">
      <Filter>Include</Filter>
    </ClInclude>
    <ClInclude Include="Source\Cxbx\DlgControllerConfig.h">
      <Filter>Include</Filter>
    </ClInclude>
    <ClInclude Include="Source\Cxbx\DlgVideoConfig.h">
      <Filter>Include</Filter>
    </ClInclude>
    <ClInclude Include="Source\CxbxKrnl\Emu.h">
      <Filter>Include</Filter>
    </ClInclude>
    <ClInclude Include="Source\CxbxKrnl\EmuD3D8.h">
      <Filter>Include</Filter>
    </ClInclude>
    <ClInclude Include="Source\CxbxKrnl\EmuD3D8Types.h">
      <Filter>Include</Filter>
    </ClInclude>
    <ClInclude Include="Source\CxbxKrnl\EmuDInput.h">
      <Filter>Include</Filter>
    </ClInclude>
    <ClInclude Include="Source\CxbxKrnl\EmuDSound.h">
      <Filter>Include</Filter>
    </ClInclude>
    <ClInclude Include="Source\Cxbx\EmuExe.h">
      <Filter>Include</Filter>
    </ClInclude>
    <ClInclude Include="Source\CxbxKrnl\EmuShared.h">
      <Filter>Include</Filter>
    </ClInclude>
    <ClInclude Include="Source\CxbxKrnl\EmuXapi.h">
      <Filter>Include</Filter>
    </ClInclude>
    <ClInclude Include="Source\CxbxKrnl\EmuXG.h">
      <Filter>Include</Filter>
    </ClInclude>
    <ClInclude Include="Source\CxbxKrnl\EmuXOnline.h">
      <Filter>Include</Filter>
    </ClInclude>
    <ClInclude Include="Source\CxbxKrnl\EmuXTL.h">
      <Filter>Include</Filter>
    </ClInclude>
    <ClInclude Include="Source\Common\Error.h">
      <Filter>Include</Filter>
    </ClInclude>
    <ClInclude Include="Source\Common\Exe.h">
      <Filter>Include</Filter>
    </ClInclude>
    <ClInclude Include="Source\Common\Win32\Mutex.h">
      <Filter>Include</Filter>
    </ClInclude>
    <ClInclude Include="Source\Cxbx\Prolog.h">
      <Filter>Include</Filter>
    </ClInclude>
    <ClInclude Include="Source\CxbxKrnl\EmuD3D8\PushBuffer.h">
      <Filter>Include</Filter>
    </ClInclude>
    <ClInclude Include="Source\CxbxKrnl\EmuD3D8\State.h">
      <Filter>Include</Filter>
    </ClInclude>
    <ClInclude Include="Source\CxbxKrnl\EmuD3D8\VertexBuffer.h">
      <Filter>Include</Filter>
    </ClInclude>
    <ClInclude Include="Source\CxbxKrnl\EmuD3D8\VertexShader.h">
      <Filter>Include</Filter>
    </ClInclude>
    <ClInclude Include="Source\Cxbx\Wnd.h">
      <Filter>Include</Filter>
    </ClInclude>
    <ClInclude Include="Source\Cxbx\WndAbout.h">
      <Filter>Include</Filter>
    </ClInclude>
    <ClInclude Include="Source\Cxbx\WndMain.h">
      <Filter>Include</Filter>
    </ClInclude>
    <ClInclude Include="Source\Common\Win32\XBController.h">
      <Filter>Include</Filter>
    </ClInclude>
    <ClInclude Include="Source\Common\Xbe.h">
      <Filter>Include</Filter>
    </ClInclude>
    <ClInclude Include="Source\Common\Win32\XBVideo.h">
      <Filter>Include</Filter>
    </ClInclude>
    <ClInclude Include="Source\Cxbx\jpegdec\jconfig.h">
      <Filter>Include\jpegdec %28h%29</Filter>
    </ClInclude>
    <ClInclude Include="Source\Cxbx\jpegdec\jmorecfg.h">
      <Filter>Include\jpegdec %28h%29</Filter>
    </ClInclude>
    <ClInclude Include="Source\Cxbx\jpegdec\jpegdec.h">
      <Filter>Include\jpegdec %28h%29</Filter>
    </ClInclude>
    <ClInclude Include="Source\Cxbx\jpegdec\jpeglib.h">
      <Filter>Include\jpegdec %28h%29</Filter>
    </ClInclude>
  </ItemGroup>
  <ItemGroup>
    <Image Include="Resource\About.jpg">
      <Filter>Resource</Filter>
    </Image>
    <Image Include="Resource\Cxbx.ico">
      <Filter>Resource</Filter>
    </Image>
    <Image Include="Resource\Logo.bmp">
      <Filter>Resource</Filter>
    </Image>
    <Image Include="Resource\Splash.jpg">
      <Filter>Resource</Filter>
    </Image>
  </ItemGroup>
  <ItemGroup>
    <ResourceCompile Include="Resource\Cxbx.rc">
      <Filter>Resource</Filter>
    </ResourceCompile>
  </ItemGroup>
  <ItemGroup>
    <ClCompile Include="Source\Cxbx\DlgControllerConfig.cpp">
      <Filter>Source</Filter>
    </ClCompile>
    <ClCompile Include="Source\Cxbx\DlgVideoConfig.cpp">
      <Filter>Source</Filter>
    </ClCompile>
    <ClCompile Include="Source\Cxbx\EmuExe.cpp">
      <Filter>Source</Filter>
    </ClCompile>
    <ClCompile Include="Source\Common\Error.cpp">
      <Filter>Source</Filter>
    </ClCompile>
    <ClCompile Include="Source\Common\Exe.cpp">
      <Filter>Source</Filter>
    </ClCompile>
    <ClCompile Include="Source\Common\Win32\Mutex.cpp">
      <Filter>Source</Filter>
    </ClCompile>
    <ClCompile Include="Source\Common\OpenXDK.cpp">
      <Filter>Source</Filter>
    </ClCompile>
    <ClCompile Include="Source\Cxbx\Prolog.cpp">
      <Filter>Source</Filter>
    </ClCompile>
    <ClCompile Include="Source\Cxbx\WinMain.cpp">
      <Filter>Source</Filter>
    </ClCompile>
    <ClCompile Include="Source\Cxbx\Wnd.cpp">
      <Filter>Source</Filter>
    </ClCompile>
    <ClCompile Include="Source\Cxbx\WndAbout.cpp">
      <Filter>Source</Filter>
    </ClCompile>
    <ClCompile Include="Source\Cxbx\WndMain.cpp">
      <Filter>Source</Filter>
    </ClCompile>
    <ClCompile Include="Source\Common\Win32\XBController.cpp">
      <Filter>Source</Filter>
    </ClCompile>
    <ClCompile Include="Source\Common\Xbe.cpp">
      <Filter>Source</Filter>
    </ClCompile>
    <ClCompile Include="Source\Common\Win32\XBVideo.cpp">
      <Filter>Source</Filter>
    </ClCompile>
    <ClCompile Include="Source\Cxbx\jpegdec\jpegdec.cpp">
      <Filter>Source\jpegdec %28cpp%29</Filter>
    </ClCompile>
  </ItemGroup>
</Project>